
Microsoft Visual Studio Solution File, Format Version 12.00
# Visual Studio Version 16
VisualStudioVersion = 16.0.30804.86
MinimumVisualStudioVersion = 10.0.40219.1
Project("{FAE04EC0-301F-11D3-BF4B-00C04F79EFBC}") = "DiscordWebhookSpammer", "DiscordWebhookSpammer\DiscordWebhookSpammer.csproj", "{83B5BCA1-AEBF-42A8-B735-F2F08BC944C1}"
EndProject
Global
	GlobalSection(SolutionConfigurationPlatforms) = preSolution
		Debug|Any CPU = Debug|Any CPU
		Release|Any CPU = Release|Any CPU
	EndGlobalSection
	GlobalSection(ProjectConfigurationPlatforms) = postSolution
		{83B5BCA1-AEBF-42A8-B735-F2F08BC944C1}.Debug|Any CPU.ActiveCfg = Debug|Any CPU
		{83B5BCA1-AEBF-42A8-B735-F2F08BC944C1}.Debug|Any CPU.Build.0 = Debug|Any CPU
		{83B5BCA1-AEBF-42A8-B735-F2F08BC944C1}.Release|Any CPU.ActiveCfg = Release|Any CPU
		{83B5BCA1-AEBF-42A8-B735-F2F08BC944C1}.Release|Any CPU.Build.0 = Release|Any CPU
	EndGlobalSection
	GlobalSection(SolutionProperties) = preSolution
		HideSolutionNode = FALSE
	EndGlobalSection
	GlobalSection(ExtensibilityGlobals) = postSolution
		SolutionGuid = {2072FCEE-7BF0-4996-854A-D3A7176F75F2}
	EndGlobalSection
EndGlobal
